
Microsoft Visual Studio Solution File, Format Version 12.00
# Visual Studio Version 17
VisualStudioVersion = 17.12.35527.113
MinimumVisualStudioVersion = 10.0.40219.1
Project("{2150E333-8FDC-42A3-9474-1A3956D46DE8}") = "FrontEnd", "FrontEnd", "{BEB5EFD3-93B1-44A8-8734-4FF43C2F9FB4}"
EndProject
Project("{2150E333-8FDC-42A3-9474-1A3956D46DE8}") = "Gateway", "Gateway", "{D624FAE9-59D7-4E2E-ABE1-0A70EB629A9A}"
EndProject
Project("{2150E333-8FDC-42A3-9474-1A3956D46DE8}") = "Integration", "Integration", "{DF91EEF7-522C-4D51-8378-8C0EF2D8EFFA}"
EndProject
Project("{2150E333-8FDC-42A3-9474-1A3956D46DE8}") = "Services", "Services", "{1E507035-E2EF-474C-B005-1FBB86E833F1}"
EndProject
Project("{FAE04EC0-301F-11D3-BF4B-00C04F79EFBC}") = "Mango.Services.CouponAPI", "Mango.Services.CouponAPI\Mango.Services.CouponAPI.csproj", "{86D6FC05-9BD0-4D5E-BD54-4803F5ED1249}"
EndProject
Project("{FAE04EC0-301F-11D3-BF4B-00C04F79EFBC}") = "Mango.Web", "Mango.Web\Mango.Web.csproj", "{AA64A1EE-A4E7-45D7-B3E6-0C09C6601200}"
EndProject
Project("{FAE04EC0-301F-11D3-BF4B-00C04F79EFBC}") = "Mango.Services.AuthAPI", "Mango.Services.AuthAPI\Mango.Services.AuthAPI.csproj", "{37165E3A-42B6-4571-8516-9FF8F9ACAABA}"
EndProject
Project("{FAE04EC0-301F-11D3-BF4B-00C04F79EFBC}") = "Mango.Services.ProductAPI", "Mango.Services.ProductAPI\Mango.Services.ProductAPI.csproj", "{D6FE9B11-D781-4AD3-B254-94F5D3DD828C}"
EndProject
Project("{FAE04EC0-301F-11D3-BF4B-00C04F79EFBC}") = "Mango.Services.ShoppingCartAPI", "Mango.Services.ShoppingCartAPI\Mango.Services.ShoppingCartAPI.csproj", "{66DC5297-36D8-4385-87BD-4918929D12ED}"
EndProject
Project("{FAE04EC0-301F-11D3-BF4B-00C04F79EFBC}") = "Mango.MessageBus", "Mango.MessageBus\Mango.MessageBus.csproj", "{2C9D6A0E-2BC6-403C-8EDC-EF744C7AD13A}"
EndProject
Project("{FAE04EC0-301F-11D3-BF4B-00C04F79EFBC}") = "Mango.Services.EmailAPI", "Mango.Services.EmailAPI\Mango.Services.EmailAPI.csproj", "{B8F4DFD7-6945-4383-8687-467200029968}"
EndProject
Project("{FAE04EC0-301F-11D3-BF4B-00C04F79EFBC}") = "Mango.Services.OrderAPI", "Mango.Services.OrderAPI\Mango.Services.OrderAPI.csproj", "{0A31B355-D4C8-497F-812C-680B67118878}"
EndProject
Global
	GlobalSection(SolutionConfigurationPlatforms) = preSolution
		Debug|Any CPU = Debug|Any CPU
		Release|Any CPU = Release|Any CPU
	EndGlobalSection
	GlobalSection(ProjectConfigurationPlatforms) = postSolution
		{86D6FC05-9BD0-4D5E-BD54-4803F5ED1249}.Debug|Any CPU.ActiveCfg = Debug|Any CPU
		{86D6FC05-9BD0-4D5E-BD54-4803F5ED1249}.Debug|Any CPU.Build.0 = Debug|Any CPU
		{86D6FC05-9BD0-4D5E-BD54-4803F5ED1249}.Release|Any CPU.ActiveCfg = Release|Any CPU
		{86D6FC05-9BD0-4D5E-BD54-4803F5ED1249}.Release|Any CPU.Build.0 = Release|Any CPU
		{AA64A1EE-A4E7-45D7-B3E6-0C09C6601200}.Debug|Any CPU.ActiveCfg = Debug|Any CPU
		{AA64A1EE-A4E7-45D7-B3E6-0C09C6601200}.Debug|Any CPU.Build.0 = Debug|Any CPU
		{AA64A1EE-A4E7-45D7-B3E6-0C09C6601200}.Release|Any CPU.ActiveCfg = Release|Any CPU
		{AA64A1EE-A4E7-45D7-B3E6-0C09C6601200}.Release|Any CPU.Build.0 = Release|Any CPU
		{37165E3A-42B6-4571-8516-9FF8F9ACAABA}.Debug|Any CPU.ActiveCfg = Debug|Any CPU
		{37165E3A-42B6-4571-8516-9FF8F9ACAABA}.Debug|Any CPU.Build.0 = Debug|Any CPU
		{37165E3A-42B6-4571-8516-9FF8F9ACAABA}.Release|Any CPU.ActiveCfg = Release|Any CPU
		{37165E3A-42B6-4571-8516-9FF8F9ACAABA}.Release|Any CPU.Build.0 = Release|Any CPU
		{D6FE9B11-D781-4AD3-B254-94F5D3DD828C}.Debug|Any CPU.ActiveCfg = Debug|Any CPU
		{D6FE9B11-D781-4AD3-B254-94F5D3DD828C}.Debug|Any CPU.Build.0 = Debug|Any CPU
		{D6FE9B11-D781-4AD3-B254-94F5D3DD828C}.Release|Any CPU.ActiveCfg = Release|Any CPU
		{D6FE9B11-D781-4AD3-B254-94F5D3DD828C}.Release|Any CPU.Build.0 = Release|Any CPU
		{66DC5297-36D8-4385-87BD-4918929D12ED}.Debug|Any CPU.ActiveCfg = Debug|Any CPU
		{66DC5297-36D8-4385-87BD-4918929D12ED}.Debug|Any CPU.Build.0 = Debug|Any CPU
		{66DC5297-36D8-4385-87BD-4918929D12ED}.Release|Any CPU.ActiveCfg = Release|Any CPU
		{66DC5297-36D8-4385-87BD-4918929D12ED}.Release|Any CPU.Build.0 = Release|Any CPU
		{2C9D6A0E-2BC6-403C-8EDC-EF744C7AD13A}.Debug|Any CPU.ActiveCfg = Debug|Any CPU
		{2C9D6A0E-2BC6-403C-8EDC-EF744C7AD13A}.Debug|Any CPU.Build.0 = Debug|Any CPU
		{2C9D6A0E-2BC6-403C-8EDC-EF744C7AD13A}.Release|Any CPU.ActiveCfg = Release|Any CPU
		{2C9D6A0E-2BC6-403C-8EDC-EF744C7AD13A}.Release|Any CPU.Build.0 = Release|Any CPU
		{B8F4DFD7-6945-4383-8687-467200029968}.Debug|Any CPU.ActiveCfg = Debug|Any CPU
		{B8F4DFD7-6945-4383-8687-467200029968}.Debug|Any CPU.Build.0 = Debug|Any CPU
		{B8F4DFD7-6945-4383-8687-467200029968}.Release|Any CPU.ActiveCfg = Release|Any CPU
		{B8F4DFD7-6945-4383-8687-467200029968}.Release|Any CPU.Build.0 = Release|Any CPU
		{0A31B355-D4C8-497F-812C-680B67118878}.Debug|Any CPU.ActiveCfg = Debug|Any CPU
		{0A31B355-D4C8-497F-812C-680B67118878}.Debug|Any CPU.Build.0 = Debug|Any CPU
		{0A31B355-D4C8-497F-812C-680B67118878}.Release|Any CPU.ActiveCfg = Release|Any CPU
		{0A31B355-D4C8-497F-812C-680B67118878}.Release|Any CPU.Build.0 = Release|Any CPU
	EndGlobalSection
	GlobalSection(SolutionProperties) = preSolution
		HideSolutionNode = FALSE
	EndGlobalSection
	GlobalSection(NestedProjects) = preSolution
		{86D6FC05-9BD0-4D5E-BD54-4803F5ED1249} = {1E507035-E2EF-474C-B005-1FBB86E833F1}
		{AA64A1EE-A4E7-45D7-B3E6-0C09C6601200} = {BEB5EFD3-93B1-44A8-8734-4FF43C2F9FB4}
		{37165E3A-42B6-4571-8516-9FF8F9ACAABA} = {1E507035-E2EF-474C-B005-1FBB86E833F1}
		{D6FE9B11-D781-4AD3-B254-94F5D3DD828C} = {1E507035-E2EF-474C-B005-1FBB86E833F1}
		{66DC5297-36D8-4385-87BD-4918929D12ED} = {1E507035-E2EF-474C-B005-1FBB86E833F1}
		{2C9D6A0E-2BC6-403C-8EDC-EF744C7AD13A} = {DF91EEF7-522C-4D51-8378-8C0EF2D8EFFA}
		{B8F4DFD7-6945-4383-8687-467200029968} = {1E507035-E2EF-474C-B005-1FBB86E833F1}
		{0A31B355-D4C8-497F-812C-680B67118878} = {1E507035-E2EF-474C-B005-1FBB86E833F1}
	EndGlobalSection
	GlobalSection(ExtensibilityGlobals) = postSolution
		SolutionGuid = {32D85151-DFFA-44B7-92C8-C467B2B0A093}
	EndGlobalSection
EndGlobal
